{
  "nodes": {
    "nixpkgs": {
      "locked": {
        "lastModified": 1603802751,
        "narHash": "sha256-K3CeF3CYy7LCu0J1NnSdo77oVIkcwf0cXDAA/HFjP58=",
        "owner": "NixOS",
        "repo": "nixpkgs",
        "rev": "8a1fdce8d3482b60ac13678a8eab838777b51549",
        "type": "github"
      },
      "original": {
        "id": "nixpkgs",
        "type": "indirect"
      }
    },
    "nixpkgs_2": {
      "locked": {
        "lastModified": 1618852036,
        "narHash": "sha256-5+hwYzaT6lNJqYgMOk/24fuA/N7KbFgRdt4UraxLDLU=",
        "owner": "NixOS",
        "repo": "nixpkgs",
        "rev": "e9c3991316a50efa2ad1ca4d8cb27a467b039045",
        "type": "github"
      },
      "original": {
        "id": "nixpkgs",
        "type": "indirect"
      }
    },
    "root": {
      "inputs": {
        "nixpkgs": "nixpkgs",
        "utils": "utils",
        "yarn2nix": "yarn2nix"
      }
    },
    "utils": {
      "locked": {
        "lastModified": 1613500319,
        "narHash": "sha256-ybAq6pImFCSnwyhhmnnvV567JM4GuhCEG/PHBkSS86U=",
        "owner": "kreisys",
        "repo": "flake-utils",
        "rev": "28e72370213c9bc2cf094ab07b8ac95f3c6bb60f",
        "type": "github"
      },
      "original": {
        "owner": "kreisys",
        "repo": "flake-utils",
        "type": "github"
      }
    },
    "utils_2": {
      "locked": {
        "lastModified": 1613500319,
        "narHash": "sha256-ybAq6pImFCSnwyhhmnnvV567JM4GuhCEG/PHBkSS86U=",
        "owner": "kreisys",
        "repo": "flake-utils",
        "rev": "28e72370213c9bc2cf094ab07b8ac95f3c6bb60f",
        "type": "github"
      },
      "original": {
        "owner": "kreisys",
        "repo": "flake-utils",
        "type": "github"
      }
    },
    "yarn2nix": {
      "inputs": {
        "nixpkgs": "nixpkgs_2",
        "utils": "utils_2"
      },
      "locked": {
        "lastModified": 1618846548,
        "narHash": "sha256-HPH5d8M/Zdr9cVIUnEXFnoKMO6yxDuvoeAvjGTM0zOo=",
        "owner": "input-output-hk",
        "repo": "yarn2nix",
        "rev": "0064ce896549a9d3c4bdd253e3f82dabc5494c1c",
        "type": "github"
      },
      "original": {
        "owner": "input-output-hk",
        "repo": "yarn2nix",
        "type": "github"
      }
    }
  },
  "root": "root",
  "version": 7
}
