{
  "nodes": {
    "flake-utils": {
      "locked": {
        "lastModified": 1608409263,
        "narHash": "sha256-L7gMksy7VR+GcySJhBFnjzO+GsB/BZje+1hvglbhyZk=",
        "owner": "kreisys",
        "repo": "flake-utils",
        "rev": "b83c460130ee151d6b91b72dd6261fe53c8e4a79",
        "type": "github"
      },
      "original": {
        "owner": "kreisys",
        "repo": "flake-utils",
        "type": "github"
      }
    },
    "nixpkgs": {
      "locked": {
        "lastModified": 1603802751,
        "narHash": "sha256-K3CeF3CYy7LCu0J1NnSdo77oVIkcwf0cXDAA/HFjP58=",
        "owner": "NixOS",
        "repo": "nixpkgs",
        "rev": "8a1fdce8d3482b60ac13678a8eab838777b51549",
        "type": "github"
      },
      "original": {
        "id": "nixpkgs",
        "type": "indirect"
      }
    },
    "root": {
      "inputs": {
        "flake-utils": "flake-utils",
        "nixpkgs": "nixpkgs"
      }
    }
  },
  "root": "root",
  "version": 7
}
